
Microsoft Visual Studio Solution File, Format Version 12.00
# Visual Studio 15
VisualStudioVersion = 15.0.27428.2015
MinimumVisualStudioVersion = 10.0.40219.1
Project("{FAE04EC0-301F-11D3-BF4B-00C04F79EFBC}") = "CSCI504-Assignment4", "CSCI504-Assignment4\CSCI504-Assignment4.csproj", "{61548F02-E29F-4164-8FCB-51E768D81CDE}"
EndProject
Global
	GlobalSection(SolutionConfigurationPlatforms) = preSolution
		Debug|Any CPU = Debug|Any CPU
		Release|Any CPU = Release|Any CPU
	EndGlobalSection
	GlobalSection(ProjectConfigurationPlatforms) = postSolution
		{61548F02-E29F-4164-8FCB-51E768D81CDE}.Debug|Any CPU.ActiveCfg = Debug|Any CPU
		{61548F02-E29F-4164-8FCB-51E768D81CDE}.Debug|Any CPU.Build.0 = Debug|Any CPU
		{61548F02-E29F-4164-8FCB-51E768D81CDE}.Release|Any CPU.ActiveCfg = Release|Any CPU
		{61548F02-E29F-4164-8FCB-51E768D81CDE}.Release|Any CPU.Build.0 = Release|Any CPU
	EndGlobalSection
	GlobalSection(SolutionProperties) = preSolution
		HideSolutionNode = FALSE
	EndGlobalSection
	GlobalSection(ExtensibilityGlobals) = postSolution
		SolutionGuid = {35F1E25A-C8A1-4DAB-9615-AAE0C7012C1A}
	EndGlobalSection
EndGlobal
